// !$*UTF8*$!
{
	archiveVersion = 1;
	classes = {
	};
	objectVersion = 46;
	objects = {

/* Begin PBXBuildFile section */
		96A2DFB31A762F7B00C63331 /* AppDelegate.swift in Sources */ = {isa = PBXBuildFile; fileRef = 96A2DFB21A762F7B00C63331 /* AppDelegate.swift */; };
		96A2DFB81A762F7B00C63331 /* Main.storyboard in Resources */ = {isa = PBXBuildFile; fileRef = 96A2DFB61A762F7B00C63331 /* Main.storyboard */; };
		96A2DFBA1A762F7B00C63331 /* Images.xcassets in Resources */ = {isa = PBXBuildFile; fileRef = 96A2DFB91A762F7B00C63331 /* Images.xcassets */; };
		96A2DFBD1A762F7B00C63331 /* LaunchScreen.xib in Resources */ = {isa = PBXBuildFile; fileRef = 96A2DFBB1A762F7B00C63331 /* LaunchScreen.xib */; };
		96A2DFD31A762F8900C63331 /* UIColor+Flat.swift in Sources */ = {isa = PBXBuildFile; fileRef = 96A2DFD21A762F8900C63331 /* UIColor+Flat.swift */; };
		96A2DFD51A765D6600C63331 /* ColorTableViewCell.swift in Sources */ = {isa = PBXBuildFile; fileRef = 96A2DFD41A765D6600C63331 /* ColorTableViewCell.swift */; };
		96A2DFD71A765E0600C63331 /* ColorsTableViewController.swift in Sources */ = {isa = PBXBuildFile; fileRef = 96A2DFD61A765E0600C63331 /* ColorsTableViewController.swift */; };
/* End PBXBuildFile section */

/* Begin PBXFileReference section */
		96A2DFAD1A762F7B00C63331 /* UIColor+Flat_Demo.app */ = {isa = PBXFileReference; explicitFileType = wrapper.application; includeInIndex = 0; path = "UIColor+Flat_Demo.app"; sourceTree = BUILT_PRODUCTS_DIR; };
		96A2DFB11A762F7B00C63331 /* Info.plist */ = {isa = PBXFileReference; lastKnownFileType = text.plist.xml; path = Info.plist; sourceTree = "<group>"; };
		96A2DFB21A762F7B00C63331 /* AppDelegate.swift */ = {isa = PBXFileReference; lastKnownFileType = sourcecode.swift; path = AppDelegate.swift; sourceTree = "<group>"; };
		96A2DFB71A762F7B00C63331 /* Base */ = {isa = PBXFileReference; lastKnownFileType = file.storyboard; name = Base; path = Base.lproj/Main.storyboard; sourceTree = "<group>"; };
		96A2DFB91A762F7B00C63331 /* Images.xcassets */ = {isa = PBXFileReference; lastKnownFileType = folder.assetcatalog; path = Images.xcassets; sourceTree = "<group>"; };
		96A2DFBC1A762F7B00C63331 /* Base */ = {isa = PBXFileReference; lastKnownFileType = file.xib; name = Base; path = Base.lproj/LaunchScreen.xib; sourceTree = "<group>"; };
		96A2DFD21A762F8900C63331 /* UIColor+Flat.swift */ = {isa = PBXFileReference; fileEncoding = 4; lastKnownFileType = sourcecode.swift; path = "UIColor+Flat.swift"; sourceTree = "<group>"; };
		96A2DFD41A765D6600C63331 /* ColorTableViewCell.swift */ = {isa = PBXFileReference; fileEncoding = 4; lastKnownFileType = sourcecode.swift; path = ColorTableViewCell.swift; sourceTree = "<group>"; };
		96A2DFD61A765E0600C63331 /* ColorsTableViewController.swift */ = {isa = PBXFileReference; fileEncoding = 4; lastKnownFileType = sourcecode.swift; path = ColorsTableViewController.swift; sourceTree = "<group>"; };
/* End PBXFileReference section */

/* Begin PBXFrameworksBuildPhase section */
		96A2DFAA1A762F7B00C63331 /* Frameworks */ = {
			isa = PBXFrameworksBuildPhase;
			buildActionMask = 2147483647;
			files = (
			);
			runOnlyForDeploymentPostprocessing = 0;
		};
/* End PBXFrameworksBuildPhase section */

/* Begin PBXGroup section */
		96A2DFA41A762F7B00C63331 = {
			isa = PBXGroup;
			children = (
				96A2DFAF1A762F7B00C63331 /* UIColor+Flat_Demo */,
				96A2DFAE1A762F7B00C63331 /* Products */,
			);
			sourceTree = "<group>";
		};
		96A2DFAE1A762F7B00C63331 /* Products */ = {
			isa = PBXGroup;
			children = (
				96A2DFAD1A762F7B00C63331 /* UIColor+Flat_Demo.app */,
			);
			name = Products;
			sourceTree = "<group>";
		};
		96A2DFAF1A762F7B00C63331 /* UIColor+Flat_Demo */ = {
			isa = PBXGroup;
			children = (
				96A2DFD21A762F8900C63331 /* UIColor+Flat.swift */,
				96A2DFB21A762F7B00C63331 /* AppDelegate.swift */,
				96A2DFD61A765E0600C63331 /* ColorsTableViewController.swift */,
				96A2DFD41A765D6600C63331 /* ColorTableViewCell.swift */,
				96A2DFB61A762F7B00C63331 /* Main.storyboard */,
				96A2DFB91A762F7B00C63331 /* Images.xcassets */,
				96A2DFBB1A762F7B00C63331 /* LaunchScreen.xib */,
				96A2DFB01A762F7B00C63331 /* Supporting Files */,
			);
			path = "UIColor+Flat_Demo";
			sourceTree = "<group>";
		};
		96A2DFB01A762F7B00C63331 /* Supporting Files */ = {
			isa = PBXGroup;
			children = (
				96A2DFB11A762F7B00C63331 /* Info.plist */,
			);
			name = "Supporting Files";
			sourceTree = "<group>";
		};
/* End PBXGroup section */

/* Begin PBXNativeTarget section */
		96A2DFAC1A762F7B00C63331 /* UIColor+Flat_Demo */ = {
			isa = PBXNativeTarget;
			buildConfigurationList = 96A2DFCC1A762F7B00C63331 /* Build configuration list for PBXNativeTarget "UIColor+Flat_Demo" */;
			buildPhases = (
				96A2DFA91A762F7B00C63331 /* Sources */,
				96A2DFAA1A762F7B00C63331 /* Frameworks */,
				96A2DFAB1A762F7B00C63331 /* Resources */,
			);
			buildRules = (
			);
			dependencies = (
			);
			name = "UIColor+Flat_Demo";
			productName = "UIColor+Flat_Demo";
			productReference = 96A2DFAD1A762F7B00C63331 /* UIColor+Flat_Demo.app */;
			productType = "com.apple.product-type.application";
		};
/* End PBXNativeTarget section */

/* Begin PBXProject section */
		96A2DFA51A762F7B00C63331 /* Project object */ = {
			isa = PBXProject;
			attributes = {
				LastUpgradeCheck = 0610;
				ORGANIZATIONNAME = "Andrea Busi";
				TargetAttributes = {
					96A2DFAC1A762F7B00C63331 = {
						CreatedOnToolsVersion = 6.1.1;
					};
				};
			};
			buildConfigurationList = 96A2DFA81A762F7B00C63331 /* Build configuration list for PBXProject "UIColor+Flat_Demo" */;
			compatibilityVersion = "Xcode 3.2";
			developmentRegion = English;
			hasScannedForEncodings = 0;
			knownRegions = (
				en,
				Base,
			);
			mainGroup = 96A2DFA41A762F7B00C63331;
			productRefGroup = 96A2DFAE1A762F7B00C63331 /* Products */;
			projectDirPath = "";
			projectRoot = "";
			targets = (
				96A2DFAC1A762F7B00C63331 /* UIColor+Flat_Demo */,
			);
		};
/* End PBXProject section */

/* Begin PBXResourcesBuildPhase section */
		96A2DFAB1A762F7B00C63331 /* Resources */ = {
			isa = PBXResourcesBuildPhase;
			buildActionMask = 2147483647;
			files = (
				96A2DFB81A762F7B00C63331 /* Main.storyboard in Resources */,
				96A2DFBD1A762F7B00C63331 /* LaunchScreen.xib in Resources */,
				96A2DFBA1A762F7B00C63331 /* Images.xcassets in Resources */,
			);
			runOnlyForDeploymentPostprocessing = 0;
		};
/* End PBXResourcesBuildPhase section */

/* Begin PBXSourcesBuildPhase section */
		96A2DFA91A762F7B00C63331 /* Sources */ = {
			isa = PBXSourcesBuildPhase;
			buildActionMask = 2147483647;
			files = (
				96A2DFD31A762F8900C63331 /* UIColor+Flat.swift in Sources */,
				96A2DFB31A762F7B00C63331 /* AppDelegate.swift in Sources */,
				96A2DFD51A765D6600C63331 /* ColorTableViewCell.swift in Sources */,
				96A2DFD71A765E0600C63331 /* ColorsTableViewController.swift in Sources */,
			);
			runOnlyForDeploymentPostprocessing = 0;
		};
/* End PBXSourcesBuildPhase section */

/* Begin PBXVariantGroup section */
		96A2DFB61A762F7B00C63331 /* Main.storyboard */ = {
			isa = PBXVariantGroup;
			children = (
				96A2DFB71A762F7B00C63331 /* Base */,
			);
			name = Main.storyboard;
			sourceTree = "<group>";
		};
		96A2DFBB1A762F7B00C63331 /* LaunchScreen.xib */ = {
			isa = PBXVariantGroup;
			children = (
				96A2DFBC1A762F7B00C63331 /* Base */,
			);
			name = LaunchScreen.xib;
			sourceTree = "<group>";
		};
/* End PBXVariantGroup section */

/* Begin XCBuildConfiguration section */
		96A2DFCA1A762F7B00C63331 /* Debug */ = {
			isa = XCBuildConfiguration;
			buildSettings = {
				ALWAYS_SEARCH_USER_PATHS = NO;
				CLANG_CXX_LANGUAGE_STANDARD = "gnu++0x";
				CLANG_CXX_LIBRARY = "libc++";
				CLANG_ENABLE_MODULES = YES;
				CLANG_ENABLE_OBJC_ARC = YES;
				CLANG_WARN_BOOL_CONVERSION = YES;
				CLANG_WARN_CONSTANT_CONVERSION = YES;
				CLANG_WARN_DIRECT_OBJC_ISA_USAGE = YES_ERROR;
				CLANG_WARN_EMPTY_BODY = YES;
				CLANG_WARN_ENUM_CONVERSION = YES;
				CLANG_WARN_INT_CONVERSION = YES;
				CLANG_WARN_OBJC_ROOT_CLASS = YES_ERROR;
				CLANG_WARN_UNREACHABLE_CODE = YES;
				CLANG_WARN__DUPLICATE_METHOD_MATCH = YES;
				"CODE_SIGN_IDENTITY[sdk=iphoneos*]" = "iPhone Developer";
				COPY_PHASE_STRIP = NO;
				ENABLE_STRICT_OBJC_MSGSEND = YES;
				GCC_C_LANGUAGE_STANDARD = gnu99;
				GCC_DYNAMIC_NO_PIC = NO;
				GCC_OPTIMIZATION_LEVEL = 0;
				GCC_PREPROCESSOR_DEFINITIONS = (
					"DEBUG=1",
					"$(inherited)",
				);
				GCC_SYMBOLS_PRIVATE_EXTERN = NO;
				GCC_WARN_64_TO_32_BIT_CONVERSION = YES;
				GCC_WARN_ABOUT_RETURN_TYPE = YES_ERROR;
				GCC_WARN_UNDECLARED_SELECTOR = YES;
				GCC_WARN_UNINITIALIZED_AUTOS = YES_AGGRESSIVE;
				GCC_WARN_UNUSED_FUNCTION = YES;
				GCC_WARN_UNUSED_VARIABLE = YES;
				IPHONEOS_DEPLOYMENT_TARGET = 8.0;
				MTL_ENABLE_DEBUG_INFO = YES;
				ONLY_ACTIVE_ARCH = YES;
				SDKROOT = iphoneos;
				SWIFT_OPTIMIZATION_LEVEL = "-Onone";
			};
			name = Debug;
		};
		96A2DFCB1A762F7B00C63331 /* Release */ = {
			isa = XCBuildConfiguration;
			buildSettings = {
				ALWAYS_SEARCH_USER_PATHS = NO;
				CLANG_CXX_LANGUAGE_STANDARD = "gnu++0x";
				CLANG_CXX_LIBRARY = "libc++";
				CLANG_ENABLE_MODULES = YES;
				CLANG_ENABLE_OBJC_ARC = YES;
				CLANG_WARN_BOOL_CONVERSION = YES;
				CLANG_WARN_CONSTANT_CONVERSION = YES;
				CLANG_WARN_DIRECT_OBJC_ISA_USAGE = YES_ERROR;
				CLANG_WARN_EMPTY_BODY = YES;
				CLANG_WARN_ENUM_CONVERSION = YES;
				CLANG_WARN_INT_CONVERSION = YES;
				CLANG_WARN_OBJC_ROOT_CLASS = YES_ERROR;
				CLANG_WARN_UNREACHABLE_CODE = YES;
				CLANG_WARN__DUPLICATE_METHOD_MATCH = YES;
				"CODE_SIGN_IDENTITY[sdk=iphoneos*]" = "iPhone Developer";
				COPY_PHASE_STRIP = YES;
				ENABLE_NS_ASSERTIONS = NO;
				ENABLE_STRICT_OBJC_MSGSEND = YES;
				GCC_C_LANGUAGE_STANDARD = gnu99;
				GCC_WARN_64_TO_32_BIT_CONVERSION = YES;
				GCC_WARN_ABOUT_RETURN_TYPE = YES_ERROR;
				GCC_WARN_UNDECLARED_SELECTOR = YES;
				GCC_WARN_UNINITIALIZED_AUTOS = YES_AGGRESSIVE;
				GCC_WARN_UNUSED_FUNCTION = YES;
				GCC_WARN_UNUSED_VARIABLE = YES;
				IPHONEOS_DEPLOYMENT_TARGET = 8.0;
				MTL_ENABLE_DEBUG_INFO = NO;
				SDKROOT = iphoneos;
				VALIDATE_PRODUCT = YES;
			};
			name = Release;
		};
		96A2DFCD1A762F7B00C63331 /* Debug */ = {
			isa = XCBuildConfiguration;
			buildSettings = {
				ASSETCATALOG_COMPILER_APPICON_NAME = AppIcon;
				INFOPLIST_FILE = "UIColor+Flat_Demo/Info.plist";
				IPHONEOS_DEPLOYMENT_TARGET = 8.0;
				LD_RUNPATH_SEARCH_PATHS = "$(inherited) @executable_path/Frameworks";
				PRODUCT_NAME = "$(TARGET_NAME)";
			};
			name = Debug;
		};
		96A2DFCE1A762F7B00C63331 /* Release */ = {
			isa = XCBuildConfiguration;
			buildSettings = {
				ASSETCATALOG_COMPILER_APPICON_NAME = AppIcon;
				INFOPLIST_FILE = "UIColor+Flat_Demo/Info.plist";
				IPHONEOS_DEPLOYMENT_TARGET = 8.0;
				LD_RUNPATH_SEARCH_PATHS = "$(inherited) @executable_path/Frameworks";
				PRODUCT_NAME = "$(TARGET_NAME)";
			};
			name = Release;
		};
/* End XCBuildConfiguration section */

/* Begin XCConfigurationList section */
		96A2DFA81A762F7B00C63331 /* Build configuration list for PBXProject "UIColor+Flat_Demo" */ = {
			isa = XCConfigurationList;
			buildConfigurations = (
				96A2DFCA1A762F7B00C63331 /* Debug */,
				96A2DFCB1A762F7B00C63331 /* Release */,
			);
			defaultConfigurationIsVisible = 0;
			defaultConfigurationName = Release;
		};
		96A2DFCC1A762F7B00C63331 /* Build configuration list for PBXNativeTarget "UIColor+Flat_Demo" */ = {
			isa = XCConfigurationList;
			buildConfigurations = (
				96A2DFCD1A762F7B00C63331 /* Debug */,
				96A2DFCE1A762F7B00C63331 /* Release */,
			);
			defaultConfigurationIsVisible = 0;
		};
/* End XCConfigurationList section */
	};
	rootObject = 96A2DFA51A762F7B00C63331 /* Project object */;
}
